PODS:
  - BidMachine (2.0.2.0-Beta.0):
    - BidMachineAnalyticsCore (~> 0.4.0-Beta.0)
    - BidMachineApiCore (~> 0.3.0-Beta.0)
    - BidMachineBiddingCore (~> 0.3.0-Beta.0)
    - BidMachineDisplayCore (~> 0.4.0-Beta.0)
    - BidMachineNetworkCore (~> 0.3.0-Beta.0)
    - BidMachineProtoCore (~> 0.3.0-Beta.0)
    - StackIAB (~> 2.0.7)
    - StackModules (~> 1.4.2)
  - BidMachineAnalyticsCore (0.4.0-Beta.0):
    - BidMachineApiCore (~> 0.3.0-Beta.0)
    - BidMachineNetworkCore (~> 0.3.0-Beta.0)
    - BidMachineProtoCore (~> 0.3.0-Beta.0)
  - BidMachineApiCore (0.3.0-Beta.0)
  - BidMachineBiddingCore (0.3.0-Beta.0):
    - BidMachineApiCore (~> 0.3.0-Beta.0)
  - BidMachineDisplayCore (0.4.0-Beta.0):
    - BidMachineBiddingCore (~> 0.3.0-Beta.0)
  - BidMachineNetworkCore (0.3.0-Beta.0):
    - BidMachineApiCore (~> 0.3.0-Beta.0)
    - BidMachineProtoCore (~> 0.3.0-Beta.0)
  - BidMachineProtoCore (0.3.0-Beta.0):
    - BidMachineApiCore (~> 0.3.0-Beta.0)
  - OMSDK_Appodeal (1.4.2.0)
  - StackIAB (2.0.7):
    - StackIAB/StackIABAssets (= 2.0.7)
    - StackIAB/StackMRAIDKit (= 2.0.7)
    - StackIAB/StackNASTKit (= 2.0.7)
    - StackIAB/StackOpenMeasure (= 2.0.7)
    - StackIAB/StackRichMedia (= 2.0.7)
    - StackIAB/StackVASTAssets (= 2.0.7)
    - StackIAB/StackVASTKit (= 2.0.7)
    - StackIAB/StackVideoPlayer (= 2.0.7)
    - StackIAB/StackXML (= 2.0.7)
    - StackModules (~> 1.4.1)
  - StackIAB/StackIABAssets (2.0.7):
    - StackModules (~> 1.4.1)
  - StackIAB/StackMRAIDKit (2.0.7):
    - StackIAB/StackIABAssets
    - StackIAB/StackOpenMeasure
    - StackModules (~> 1.4.1)
  - StackIAB/StackNASTKit (2.0.7):
    - StackIAB/StackVASTKit
    - StackModules (~> 1.4.1)
  - StackIAB/StackOpenMeasure (2.0.7):
    - OMSDK_Appodeal (~> 1.4.2.0)
    - StackModules (~> 1.4.1)
  - StackIAB/StackRichMedia (2.0.7):
    - StackIAB/StackIABAssets
    - StackIAB/StackVASTAssets
    - StackIAB/StackVideoPlayer
    - StackModules (~> 1.4.1)
  - StackIAB/StackVASTAssets (2.0.7):
    - StackIAB/StackIABAssets
    - StackIAB/StackXML
    - StackModules (~> 1.4.1)
  - StackIAB/StackVASTKit (2.0.7):
    - StackIAB/StackMRAIDKit
    - StackIAB/StackVASTAssets
    - StackIAB/StackVideoPlayer
    - StackModules (~> 1.4.1)
  - StackIAB/StackVideoPlayer (2.0.7):
    - StackModules (~> 1.4.1)
  - StackIAB/StackXML (2.0.7):
    - StackModules (~> 1.4.1)
  - StackModules (1.4.2):
    - StackModules/StackProductPresentation (= 1.4.2)
  - StackModules/StackFoundation (1.4.2)
  - StackModules/StackProductPresentation (1.4.2):
    - StackModules/StackUIKit
  - StackModules/StackUIKit (1.4.2):
    - StackModules/StackFoundation

DEPENDENCIES:
  - BidMachine (~> 2.0.2.0-Beta.0)

SPEC REPOS:
  https://github.com/appodeal/CocoaPods.git:
    - BidMachine
    - BidMachineAnalyticsCore
    - BidMachineApiCore
    - BidMachineBiddingCore
    - BidMachineDisplayCore
    - BidMachineNetworkCore
    - BidMachineProtoCore
    - OMSDK_Appodeal
    - StackIAB
    - StackModules
  https://github.com/CocoaPods/Specs.git:
    - StackModules

SPEC CHECKSUMS:
  BidMachine: cf23810af75a47acc32786575eb9cc124ede05a9
  BidMachineAnalyticsCore: e7f94e5e7eaa81b1504ae42bd0b4bdcc1d64370e
  BidMachineApiCore: 42f30f3fb1ef3b5097eed86317b90ebff84091ba
  BidMachineBiddingCore: e55fdad2f6d0a5045f546fda6e8e54e01ac7389f
  BidMachineDisplayCore: 484323a0489ad66740dcfa0510f4390bf822a717
  BidMachineNetworkCore: 54712f0385c253d827067dbd5b4c58c4fdd147b2
  BidMachineProtoCore: 87beb46b107a041987a906be26468645e73eea32
  OMSDK_Appodeal: f4e97878c54edd6be63259a4ba38a5491be6226a
  StackIAB: 0861aacae7d81acb3838e9affc8705ed7bcc7c84
  StackModules: f61783b6313fe20ed9f12d8c7f69dcd3c0e72797

PODFILE CHECKSUM: 9c051ec255574b2c94d6eb7f06df8e0d96ce0b9b

COCOAPODS: 1.12.0
