PODS:
  - AdColony (4.1.1)
  - BidMachine (1.4.0):
    - BidMachine/Core (= 1.4.0)
  - BidMachine/Adapters (1.4.0):
    - BidMachine/AdColonyAdapter
    - BidMachine/AmazonAdapter
    - BidMachine/CriteoAdapter
    - BidMachine/FacebookAdapter
    - BidMachine/MintegralAdapter
    - BidMachine/MyTargetAdapter
    - BidMachine/SmaatoAdapter
    - BidMachine/TapjoyAdapter
    - BidMachine/VungleAdapter
  - BidMachine/AdColonyAdapter (1.4.0):
    - AdColony (= 4.1.1)
    - BidMachine/Core
  - BidMachine/AmazonAdapter (1.4.0):
    - BidMachine/Core
  - BidMachine/Core (1.4.0):
    - Protobuf (~> 3.9)
    - StackIAB (~> 0.5.0)
    - StackModules (~> 0.6.3)
  - BidMachine/CriteoAdapter (1.4.0):
    - BidMachine/Core
  - BidMachine/FacebookAdapter (1.4.0):
    - BidMachine/Core
    - FBAudienceNetwork (~> 5.5)
  - BidMachine/MintegralAdapter (1.4.0):
    - BidMachine/Core
    - MintegralAdSDK/BidInterstitialVideoAd (~> 5.8)
    - MintegralAdSDK/BidRewardVideoAd (~> 5.8)
  - BidMachine/MyTargetAdapter (1.4.0):
    - BidMachine/Core
    - myTargetSDK (= 5.3.5)
  - BidMachine/SmaatoAdapter (1.4.0):
    - BidMachine/Core
    - smaato-ios-sdk (~> 21.2)
    - smaato-ios-sdk/Modules/UnifiedBidding (~> 21.2)
  - BidMachine/TapjoyAdapter (1.4.0):
    - BidMachine/Core
    - TapjoySDK (~> 12.3)
  - BidMachine/VungleAdapter (1.4.0):
    - BidMachine/Core
    - VungleSDK-iOS (~> 6.4)
  - FBAudienceNetwork (5.6.0):
    - FBSDKCoreKit/Basics (>= 5.2.1)
  - FBSDKCoreKit/Basics (5.11.1)
  - MintegralAdSDK/BidInterstitialVideoAd (5.8.4.0):
    - MintegralAdSDK/BidNativeAd
  - MintegralAdSDK/BidNativeAd (5.8.4.0)
  - MintegralAdSDK/BidRewardVideoAd (5.8.4.0):
    - MintegralAdSDK/BidNativeAd
  - myTargetSDK (5.3.5)
  - Protobuf (3.11.0)
  - smaato-ios-sdk (21.2.2):
    - smaato-ios-sdk/Full (= 21.2.2)
  - smaato-ios-sdk/Banner (21.2.2):
    - smaato-ios-sdk/Modules/Banner
    - smaato-ios-sdk/Modules/Core
    - smaato-ios-sdk/Modules/RichMedia
  - smaato-ios-sdk/Full (21.2.2):
    - smaato-ios-sdk/Banner
    - smaato-ios-sdk/Interstitial
    - smaato-ios-sdk/RewardedAds
  - smaato-ios-sdk/Interstitial (21.2.2):
    - smaato-ios-sdk/Modules/Interstitial
    - smaato-ios-sdk/Modules/RichMedia
    - smaato-ios-sdk/Modules/Video
  - smaato-ios-sdk/Modules/Banner (21.2.2):
    - smaato-ios-sdk/Modules/Core
  - smaato-ios-sdk/Modules/Core (21.2.2)
  - smaato-ios-sdk/Modules/Interstitial (21.2.2):
    - smaato-ios-sdk/Modules/Core
  - smaato-ios-sdk/Modules/OpenMeasurement (21.2.2):
    - smaato-ios-sdk/Modules/Core
  - smaato-ios-sdk/Modules/RewardedAds (21.2.2):
    - smaato-ios-sdk/Modules/Core
  - smaato-ios-sdk/Modules/RichMedia (21.2.2):
    - smaato-ios-sdk/Modules/Core
    - smaato-ios-sdk/Modules/OpenMeasurement
  - smaato-ios-sdk/Modules/UnifiedBidding (21.2.2):
    - smaato-ios-sdk/Modules/Core
  - smaato-ios-sdk/Modules/Video (21.2.2):
    - smaato-ios-sdk/Modules/Core
    - smaato-ios-sdk/Modules/OpenMeasurement
  - smaato-ios-sdk/RewardedAds (21.2.2):
    - smaato-ios-sdk/Modules/RewardedAds
    - smaato-ios-sdk/Modules/Video
  - StackIAB (0.5.6):
    - StackIAB/StackMRAIDKit (= 0.5.6)
    - StackIAB/StackNASTKit (= 0.5.6)
    - StackIAB/StackRichMedia (= 0.5.6)
    - StackIAB/StackVASTAssets (= 0.5.6)
    - StackIAB/StackVASTKit (= 0.5.6)
    - StackIAB/StackVideoPlayer (= 0.5.6)
    - StackIAB/StackXML (= 0.5.6)
    - StackModules (~> 0.6.3)
  - StackIAB/StackMRAIDKit (0.5.6):
    - StackModules (~> 0.6.3)
  - StackIAB/StackNASTKit (0.5.6):
    - StackIAB/StackVASTKit
    - StackModules (~> 0.6.3)
  - StackIAB/StackRichMedia (0.5.6):
    - StackIAB/StackVASTAssets
    - StackIAB/StackVideoPlayer
    - StackModules (~> 0.6.3)
  - StackIAB/StackVASTAssets (0.5.6):
    - StackIAB/StackXML
    - StackModules (~> 0.6.3)
  - StackIAB/StackVASTKit (0.5.6):
    - StackIAB/StackMRAIDKit
    - StackIAB/StackVASTAssets
    - StackIAB/StackVideoPlayer
    - StackModules (~> 0.6.3)
  - StackIAB/StackVideoPlayer (0.5.6):
    - StackModules (~> 0.6.3)
  - StackIAB/StackXML (0.5.6):
    - StackModules (~> 0.6.3)
  - StackModules (0.6.9):
    - StackModules/StackUIKit (= 0.6.9)
  - StackModules/StackFoundation (0.6.9)
  - StackModules/StackUIKit (0.6.9):
    - StackModules/StackFoundation
  - TapjoySDK (12.3.4)
  - VungleSDK-iOS (6.4.6)

DEPENDENCIES:
  - BidMachine (= 1.4.0)
  - BidMachine/Adapters

SPEC REPOS:
  https://github.com/appodeal/CocoaPods.git:
    - AdColony
    - BidMachine
    - FBAudienceNetwork
    - myTargetSDK
    - StackIAB
    - StackModules
  https://github.com/CocoaPods/Specs.git:
    - FBSDKCoreKit
    - MintegralAdSDK
    - Protobuf
    - smaato-ios-sdk
    - TapjoySDK
    - VungleSDK-iOS

SPEC CHECKSUMS:
  AdColony: e243e5c3f9df4c53874f2d9f8459b6bec19aaf7e
  BidMachine: a350099de9c428c6f487955f372d8d6a52cd1c85
  FBAudienceNetwork: b608516b0a24459b7ebcd09516493d8bf303ee9e
  FBSDKCoreKit: 5aada61a229054694810f3cee231f986004b3c49
  MintegralAdSDK: f26898e40a1676b53508ea4aa145ce70a897fc46
  myTargetSDK: b6bc8bb8ef45ec03c2f85bcd2e85515a8db60abf
  Protobuf: 394b2bf29ec303f4325e3ee4892c09e675647152
  smaato-ios-sdk: fad41f668ceefe75ece6d46f729bea3ca26471ea
  StackIAB: aec38ec3f572cc048113b30699a2e54e6bcce87c
  StackModules: 5d4102691bfa07db898b2c64e19d7ac256e43579
  TapjoySDK: 4325bc3c42ae91fed30929792a71d380c63a3c6c
  VungleSDK-iOS: 6bf8b4fef32afc169acbc1291485560c81ceb293

PODFILE CHECKSUM: 32e56fb55ffa2928226bd31d29f6fd77bd24c571

COCOAPODS: 1.8.0
