// !$*UTF8*$!
{
	archiveVersion = 1;
	classes = {
	};
	objectVersion = 50;
	objects = {

/* Begin PBXBuildFile section */
		D9599DDA21E49E2800CC25E1 /* AppDelegate.swift in Sources */ = {isa = PBXBuildFile; fileRef = D9599DD921E49E2800CC25E1 /* AppDelegate.swift */; };
		D9599DDC21E49E2800CC25E1 /* BannerVC.swift in Sources */ = {isa = PBXBuildFile; fileRef = D9599DDB21E49E2800CC25E1 /* BannerVC.swift */; };
		D9599DDF21E49E2800CC25E1 /* Main.storyboard in Resources */ = {isa = PBXBuildFile; fileRef = D9599DDD21E49E2800CC25E1 /* Main.storyboard */; };
		D9599DE121E49E2800CC25E1 /* Assets.xcassets in Resources */ = {isa = PBXBuildFile; fileRef = D9599DE021E49E2800CC25E1 /* Assets.xcassets */; };
		D9599DE421E49E2800CC25E1 /* LaunchScreen.storyboard in Resources */ = {isa = PBXBuildFile; fileRef = D9599DE221E49E2800CC25E1 /* LaunchScreen.storyboard */; };
		F95D1679C317907F6FBCCC48 /* Pods_Banner.framework in Frameworks */ = {isa = PBXBuildFile; fileRef = 24EE995E958617B748C08396 /* Pods_Banner.framework */; };
/* End PBXBuildFile section */

/* Begin PBXFileReference section */
		24EE995E958617B748C08396 /* Pods_Banner.framework */ = {isa = PBXFileReference; explicitFileType = wrapper.framework; includeInIndex = 0; path = Pods_Banner.framework; sourceTree = BUILT_PRODUCTS_DIR; };
		3BF755F9D93124C33AFDA984 /* Pods-Banner.release.xcconfig */ = {isa = PBXFileReference; includeInIndex = 1; lastKnownFileType = text.xcconfig; name = "Pods-Banner.release.xcconfig"; path = "../Pods/Target Support Files/Pods-Banner/Pods-Banner.release.xcconfig"; sourceTree = "<group>"; };
		9996D6EFD28DB330E3DA719A /* Pods-Banner.debug.xcconfig */ = {isa = PBXFileReference; includeInIndex = 1; lastKnownFileType = text.xcconfig; name = "Pods-Banner.debug.xcconfig"; path = "../Pods/Target Support Files/Pods-Banner/Pods-Banner.debug.xcconfig"; sourceTree = "<group>"; };
		D9599DD621E49E2800CC25E1 /* Banner.app */ = {isa = PBXFileReference; explicitFileType = wrapper.application; includeInIndex = 0; path = Banner.app; sourceTree = BUILT_PRODUCTS_DIR; };
		D9599DD921E49E2800CC25E1 /* AppDelegate.swift */ = {isa = PBXFileReference; lastKnownFileType = sourcecode.swift; path = AppDelegate.swift; sourceTree = "<group>"; };
		D9599DDB21E49E2800CC25E1 /* BannerVC.swift */ = {isa = PBXFileReference; lastKnownFileType = sourcecode.swift; path = BannerVC.swift; sourceTree = "<group>"; };
		D9599DDE21E49E2800CC25E1 /* Base */ = {isa = PBXFileReference; lastKnownFileType = file.storyboard; name = Base; path = Base.lproj/Main.storyboard; sourceTree = "<group>"; };
		D9599DE021E49E2800CC25E1 /* Assets.xcassets */ = {isa = PBXFileReference; lastKnownFileType = folder.assetcatalog; path = Assets.xcassets; sourceTree = "<group>"; };
		D9599DE321E49E2800CC25E1 /* Base */ = {isa = PBXFileReference; lastKnownFileType = file.storyboard; name = Base; path = Base.lproj/LaunchScreen.storyboard; sourceTree = "<group>"; };
		D9599DE521E49E2800CC25E1 /* Info.plist */ = {isa = PBXFileReference; lastKnownFileType = text.plist.xml; path = Info.plist; sourceTree = "<group>"; };
/* End PBXFileReference section */

/* Begin PBXFrameworksBuildPhase section */
		D9599DD321E49E2800CC25E1 /* Frameworks */ = {
			isa = PBXFrameworksBuildPhase;
			buildActionMask = 2147483647;
			files = (
				F95D1679C317907F6FBCCC48 /* Pods_Banner.framework in Frameworks */,
			);
			runOnlyForDeploymentPostprocessing = 0;
		};
/* End PBXFrameworksBuildPhase section */

/* Begin PBXGroup section */
		1F13CC7E9F36559EFD07409C /* Pods */ = {
			isa = PBXGroup;
			children = (
				9996D6EFD28DB330E3DA719A /* Pods-Banner.debug.xcconfig */,
				3BF755F9D93124C33AFDA984 /* Pods-Banner.release.xcconfig */,
			);
			name = Pods;
			sourceTree = "<group>";
		};
		835F691C700E8C3B3A2C7EAF /* Frameworks */ = {
			isa = PBXGroup;
			children = (
				24EE995E958617B748C08396 /* Pods_Banner.framework */,
			);
			name = Frameworks;
			sourceTree = "<group>";
		};
		D9599DCD21E49E2800CC25E1 = {
			isa = PBXGroup;
			children = (
				D9599DD821E49E2800CC25E1 /* Banner */,
				D9599DD721E49E2800CC25E1 /* Products */,
				1F13CC7E9F36559EFD07409C /* Pods */,
				835F691C700E8C3B3A2C7EAF /* Frameworks */,
			);
			sourceTree = "<group>";
		};
		D9599DD721E49E2800CC25E1 /* Products */ = {
			isa = PBXGroup;
			children = (
				D9599DD621E49E2800CC25E1 /* Banner.app */,
			);
			name = Products;
			sourceTree = "<group>";
		};
		D9599DD821E49E2800CC25E1 /* Banner */ = {
			isa = PBXGroup;
			children = (
				D9599DD921E49E2800CC25E1 /* AppDelegate.swift */,
				D9599DDB21E49E2800CC25E1 /* BannerVC.swift */,
				D9599DDD21E49E2800CC25E1 /* Main.storyboard */,
				D9599DE021E49E2800CC25E1 /* Assets.xcassets */,
				D9599DE221E49E2800CC25E1 /* LaunchScreen.storyboard */,
				D9599DE521E49E2800CC25E1 /* Info.plist */,
			);
			path = Banner;
			sourceTree = "<group>";
		};
/* End PBXGroup section */

/* Begin PBXNativeTarget section */
		D9599DD521E49E2800CC25E1 /* Banner */ = {
			isa = PBXNativeTarget;
			buildConfigurationList = D9599DE821E49E2800CC25E1 /* Build configuration list for PBXNativeTarget "Banner" */;
			buildPhases = (
				5C7CAD7F8340F4F34193F844 /* [CP] Check Pods Manifest.lock */,
				D9599DD221E49E2800CC25E1 /* Sources */,
				D9599DD321E49E2800CC25E1 /* Frameworks */,
				D9599DD421E49E2800CC25E1 /* Resources */,
			);
			buildRules = (
			);
			dependencies = (
			);
			name = Banner;
			productName = Banner;
			productReference = D9599DD621E49E2800CC25E1 /* Banner.app */;
			productType = "com.apple.product-type.application";
		};
/* End PBXNativeTarget section */

/* Begin PBXProject section */
		D9599DCE21E49E2800CC25E1 /* Project object */ = {
			isa = PBXProject;
			attributes = {
				LastSwiftUpdateCheck = 1010;
				LastUpgradeCheck = 1010;
				ORGANIZATIONNAME = Appodeal;
				TargetAttributes = {
					D9599DD521E49E2800CC25E1 = {
						CreatedOnToolsVersion = 10.1;
					};
				};
			};
			buildConfigurationList = D9599DD121E49E2800CC25E1 /* Build configuration list for PBXProject "Banner" */;
			compatibilityVersion = "Xcode 9.3";
			developmentRegion = en;
			hasScannedForEncodings = 0;
			knownRegions = (
				en,
				Base,
			);
			mainGroup = D9599DCD21E49E2800CC25E1;
			productRefGroup = D9599DD721E49E2800CC25E1 /* Products */;
			projectDirPath = "";
			projectRoot = "";
			targets = (
				D9599DD521E49E2800CC25E1 /* Banner */,
			);
		};
/* End PBXProject section */

/* Begin PBXResourcesBuildPhase section */
		D9599DD421E49E2800CC25E1 /* Resources */ = {
			isa = PBXResourcesBuildPhase;
			buildActionMask = 2147483647;
			files = (
				D9599DE421E49E2800CC25E1 /* LaunchScreen.storyboard in Resources */,
				D9599DE121E49E2800CC25E1 /* Assets.xcassets in Resources */,
				D9599DDF21E49E2800CC25E1 /* Main.storyboard in Resources */,
			);
			runOnlyForDeploymentPostprocessing = 0;
		};
/* End PBXResourcesBuildPhase section */

/* Begin PBXShellScriptBuildPhase section */
		5C7CAD7F8340F4F34193F844 /* [CP] Check Pods Manifest.lock */ = {
			isa = PBXShellScriptBuildPhase;
			buildActionMask = 2147483647;
			files = (
			);
			inputFileListPaths = (
			);
			inputPaths = (
				"${PODS_PODFILE_DIR_PATH}/Podfile.lock",
				"${PODS_ROOT}/Manifest.lock",
			);
			name = "[CP] Check Pods Manifest.lock";
			outputFileListPaths = (
			);
			outputPaths = (
				"$(DERIVED_FILE_DIR)/Pods-Banner-checkManifestLockResult.txt",
			);
			runOnlyForDeploymentPostprocessing = 0;
			shellPath = /bin/sh;
			shellScript = "diff \"${PODS_PODFILE_DIR_PATH}/Podfile.lock\" \"${PODS_ROOT}/Manifest.lock\" > /dev/null\nif [ $? != 0 ] ; then\n    # print error to STDERR\n    echo \"error: The sandbox is not in sync with the Podfile.lock. Run 'pod install' or update your CocoaPods installation.\" >&2\n    exit 1\nfi\n# This output is used by Xcode 'outputs' to avoid re-running this script phase.\necho \"SUCCESS\" > \"${SCRIPT_OUTPUT_FILE_0}\"\n";
			showEnvVarsInLog = 0;
		};
/* End PBXShellScriptBuildPhase section */

/* Begin PBXSourcesBuildPhase section */
		D9599DD221E49E2800CC25E1 /* Sources */ = {
			isa = PBXSourcesBuildPhase;
			buildActionMask = 2147483647;
			files = (
				D9599DDC21E49E2800CC25E1 /* BannerVC.swift in Sources */,
				D9599DDA21E49E2800CC25E1 /* AppDelegate.swift in Sources */,
			);
			runOnlyForDeploymentPostprocessing = 0;
		};
/* End PBXSourcesBuildPhase section */

/* Begin PBXVariantGroup section */
		D9599DDD21E49E2800CC25E1 /* Main.storyboard */ = {
			isa = PBXVariantGroup;
			children = (
				D9599DDE21E49E2800CC25E1 /* Base */,
			);
			name = Main.storyboard;
			sourceTree = "<group>";
		};
		D9599DE221E49E2800CC25E1 /* LaunchScreen.storyboard */ = {
			isa = PBXVariantGroup;
			children = (
				D9599DE321E49E2800CC25E1 /* Base */,
			);
			name = LaunchScreen.storyboard;
			sourceTree = "<group>";
		};
/* End PBXVariantGroup section */

/* Begin XCBuildConfiguration section */
		D9599DE621E49E2800CC25E1 /* Debug */ = {
			isa = XCBuildConfiguration;
			buildSettings = {
				ALWAYS_SEARCH_USER_PATHS = NO;
				CLANG_ANALYZER_NONNULL = YES;
				CLANG_ANALYZER_NUMBER_OBJECT_CONVERSION = YES_AGGRESSIVE;
				CLANG_CXX_LANGUAGE_STANDARD = "gnu++14";
				CLANG_CXX_LIBRARY = "libc++";
				CLANG_ENABLE_MODULES = YES;
				CLANG_ENABLE_OBJC_ARC = YES;
				CLANG_ENABLE_OBJC_WEAK = YES;
				CLANG_WARN_BLOCK_CAPTURE_AUTORELEASING = YES;
				CLANG_WARN_BOOL_CONVERSION = YES;
				CLANG_WARN_COMMA = YES;
				CLANG_WARN_CONSTANT_CONVERSION = YES;
				CLANG_WARN_DEPRECATED_OBJC_IMPLEMENTATIONS = YES;
				CLANG_WARN_DIRECT_OBJC_ISA_USAGE = YES_ERROR;
				CLANG_WARN_DOCUMENTATION_COMMENTS = YES;
				CLANG_WARN_EMPTY_BODY = YES;
				CLANG_WARN_ENUM_CONVERSION = YES;
				CLANG_WARN_INFINITE_RECURSION = YES;
				CLANG_WARN_INT_CONVERSION = YES;
				CLANG_WARN_NON_LITERAL_NULL_CONVERSION = YES;
				CLANG_WARN_OBJC_IMPLICIT_RETAIN_SELF = YES;
				CLANG_WARN_OBJC_LITERAL_CONVERSION = YES;
				CLANG_WARN_OBJC_ROOT_CLASS = YES_ERROR;
				CLANG_WARN_RANGE_LOOP_ANALYSIS = YES;
				CLANG_WARN_STRICT_PROTOTYPES = YES;
				CLANG_WARN_SUSPICIOUS_MOVE = YES;
				CLANG_WARN_UNGUARDED_AVAILABILITY = YES_AGGRESSIVE;
				CLANG_WARN_UNREACHABLE_CODE = YES;
				CLANG_WARN__DUPLICATE_METHOD_MATCH = YES;
				CODE_SIGN_IDENTITY = "iPhone Developer";
				COPY_PHASE_STRIP = NO;
				DEBUG_INFORMATION_FORMAT = dwarf;
				ENABLE_STRICT_OBJC_MSGSEND = YES;
				ENABLE_TESTABILITY = YES;
				GCC_C_LANGUAGE_STANDARD = gnu11;
				GCC_DYNAMIC_NO_PIC = NO;
				GCC_NO_COMMON_BLOCKS = YES;
				GCC_OPTIMIZATION_LEVEL = 0;
				GCC_PREPROCESSOR_DEFINITIONS = (
					"DEBUG=1",
					"$(inherited)",
				);
				GCC_WARN_64_TO_32_BIT_CONVERSION = YES;
				GCC_WARN_ABOUT_RETURN_TYPE = YES_ERROR;
				GCC_WARN_UNDECLARED_SELECTOR = YES;
				GCC_WARN_UNINITIALIZED_AUTOS = YES_AGGRESSIVE;
				GCC_WARN_UNUSED_FUNCTION = YES;
				GCC_WARN_UNUSED_VARIABLE = YES;
				IPHONEOS_DEPLOYMENT_TARGET = 12.1;
				MTL_ENABLE_DEBUG_INFO = INCLUDE_SOURCE;
				MTL_FAST_MATH = YES;
				ONLY_ACTIVE_ARCH = YES;
				SDKROOT = iphoneos;
				SWIFT_ACTIVE_COMPILATION_CONDITIONS = DEBUG;
				SWIFT_OPTIMIZATION_LEVEL = "-Onone";
			};
			name = Debug;
		};
		D9599DE721E49E2800CC25E1 /* Release */ = {
			isa = XCBuildConfiguration;
			buildSettings = {
				ALWAYS_SEARCH_USER_PATHS = NO;
				CLANG_ANALYZER_NONNULL = YES;
				CLANG_ANALYZER_NUMBER_OBJECT_CONVERSION = YES_AGGRESSIVE;
				CLANG_CXX_LANGUAGE_STANDARD = "gnu++14";
				CLANG_CXX_LIBRARY = "libc++";
				CLANG_ENABLE_MODULES = YES;
				CLANG_ENABLE_OBJC_ARC = YES;
				CLANG_ENABLE_OBJC_WEAK = YES;
				CLANG_WARN_BLOCK_CAPTURE_AUTORELEASING = YES;
				CLANG_WARN_BOOL_CONVERSION = YES;
				CLANG_WARN_COMMA = YES;
				CLANG_WARN_CONSTANT_CONVERSION = YES;
				CLANG_WARN_DEPRECATED_OBJC_IMPLEMENTATIONS = YES;
				CLANG_WARN_DIRECT_OBJC_ISA_USAGE = YES_ERROR;
				CLANG_WARN_DOCUMENTATION_COMMENTS = YES;
				CLANG_WARN_EMPTY_BODY = YES;
				CLANG_WARN_ENUM_CONVERSION = YES;
				CLANG_WARN_INFINITE_RECURSION = YES;
				CLANG_WARN_INT_CONVERSION = YES;
				CLANG_WARN_NON_LITERAL_NULL_CONVERSION = YES;
				CLANG_WARN_OBJC_IMPLICIT_RETAIN_SELF = YES;
				CLANG_WARN_OBJC_LITERAL_CONVERSION = YES;
				CLANG_WARN_OBJC_ROOT_CLASS = YES_ERROR;
				CLANG_WARN_RANGE_LOOP_ANALYSIS = YES;
				CLANG_WARN_STRICT_PROTOTYPES = YES;
				CLANG_WARN_SUSPICIOUS_MOVE = YES;
				CLANG_WARN_UNGUARDED_AVAILABILITY = YES_AGGRESSIVE;
				CLANG_WARN_UNREACHABLE_CODE = YES;
				CLANG_WARN__DUPLICATE_METHOD_MATCH = YES;
				CODE_SIGN_IDENTITY = "iPhone Developer";
				COPY_PHASE_STRIP = NO;
				DEBUG_INFORMATION_FORMAT = "dwarf-with-dsym";
				ENABLE_NS_ASSERTIONS = NO;
				ENABLE_STRICT_OBJC_MSGSEND = YES;
				GCC_C_LANGUAGE_STANDARD = gnu11;
				GCC_NO_COMMON_BLOCKS = YES;
				GCC_WARN_64_TO_32_BIT_CONVERSION = YES;
				GCC_WARN_ABOUT_RETURN_TYPE = YES_ERROR;
				GCC_WARN_UNDECLARED_SELECTOR = YES;
				GCC_WARN_UNINITIALIZED_AUTOS = YES_AGGRESSIVE;
				GCC_WARN_UNUSED_FUNCTION = YES;
				GCC_WARN_UNUSED_VARIABLE = YES;
				IPHONEOS_DEPLOYMENT_TARGET = 12.1;
				MTL_ENABLE_DEBUG_INFO = NO;
				MTL_FAST_MATH = YES;
				SDKROOT = iphoneos;
				SWIFT_COMPILATION_MODE = wholemodule;
				SWIFT_OPTIMIZATION_LEVEL = "-O";
				VALIDATE_PRODUCT = YES;
			};
			name = Release;
		};
		D9599DE921E49E2800CC25E1 /* Debug */ = {
			isa = XCBuildConfiguration;
			baseConfigurationReference = 9996D6EFD28DB330E3DA719A /* Pods-Banner.debug.xcconfig */;
			buildSettings = {
				ASSETCATALOG_COMPILER_APPICON_NAME = AppIcon;
				CODE_SIGN_STYLE = Automatic;
				DEVELOPMENT_TEAM = WG4VFF78ZM;
				INFOPLIST_FILE = Banner/Info.plist;
				LD_RUNPATH_SEARCH_PATHS = (
					"$(inherited)",
					"@executable_path/Frameworks",
				);
				PRODUCT_BUNDLE_IDENTIFIER = com.appodeal.Banner;
				PRODUCT_NAME = "$(TARGET_NAME)";
				SWIFT_VERSION = 4.2;
				TARGETED_DEVICE_FAMILY = "1,2";
			};
			name = Debug;
		};
		D9599DEA21E49E2800CC25E1 /* Release */ = {
			isa = XCBuildConfiguration;
			baseConfigurationReference = 3BF755F9D93124C33AFDA984 /* Pods-Banner.release.xcconfig */;
			buildSettings = {
				ASSETCATALOG_COMPILER_APPICON_NAME = AppIcon;
				CODE_SIGN_STYLE = Automatic;
				DEVELOPMENT_TEAM = WG4VFF78ZM;
				INFOPLIST_FILE = Banner/Info.plist;
				LD_RUNPATH_SEARCH_PATHS = (
					"$(inherited)",
					"@executable_path/Frameworks",
				);
				PRODUCT_BUNDLE_IDENTIFIER = com.appodeal.Banner;
				PRODUCT_NAME = "$(TARGET_NAME)";
				SWIFT_VERSION = 4.2;
				TARGETED_DEVICE_FAMILY = "1,2";
			};
			name = Release;
		};
/* End XCBuildConfiguration section */

/* Begin XCConfigurationList section */
		D9599DD121E49E2800CC25E1 /* Build configuration list for PBXProject "Banner" */ = {
			isa = XCConfigurationList;
			buildConfigurations = (
				D9599DE621E49E2800CC25E1 /* Debug */,
				D9599DE721E49E2800CC25E1 /* Release */,
			);
			defaultConfigurationIsVisible = 0;
			defaultConfigurationName = Release;
		};
		D9599DE821E49E2800CC25E1 /* Build configuration list for PBXNativeTarget "Banner" */ = {
			isa = XCConfigurationList;
			buildConfigurations = (
				D9599DE921E49E2800CC25E1 /* Debug */,
				D9599DEA21E49E2800CC25E1 /* Release */,
			);
			defaultConfigurationIsVisible = 0;
			defaultConfigurationName = Release;
		};
/* End XCConfigurationList section */
	};
	rootObject = D9599DCE21E49E2800CC25E1 /* Project object */;
}
