// !$*UTF8*$!
{
	archiveVersion = 1;
	classes = {
	};
	objectVersion = 50;
	objects = {

/* Begin PBXBuildFile section */
		2C5869EF9E9971D6E3A8784E /* libPods-Rewarded.a in Frameworks */ = {isa = PBXBuildFile; fileRef = 7C4FD492057F52820A2D6EC2 /* libPods-Rewarded.a */; };
		D9599E3421E49ECF00CC25E1 /* AppDelegate.swift in Sources */ = {isa = PBXBuildFile; fileRef = D9599E3321E49ECF00CC25E1 /* AppDelegate.swift */; };
		D9599E3621E49ECF00CC25E1 /* RewardedVC.swift in Sources */ = {isa = PBXBuildFile; fileRef = D9599E3521E49ECF00CC25E1 /* RewardedVC.swift */; };
		D9599E3921E49ECF00CC25E1 /* Main.storyboard in Resources */ = {isa = PBXBuildFile; fileRef = D9599E3721E49ECF00CC25E1 /* Main.storyboard */; };
		D9599E3B21E49ECF00CC25E1 /* Assets.xcassets in Resources */ = {isa = PBXBuildFile; fileRef = D9599E3A21E49ECF00CC25E1 /* Assets.xcassets */; };
		D9599E3E21E49ECF00CC25E1 /* LaunchScreen.storyboard in Resources */ = {isa = PBXBuildFile; fileRef = D9599E3C21E49ECF00CC25E1 /* LaunchScreen.storyboard */; };
/* End PBXBuildFile section */

/* Begin PBXFileReference section */
		4E06C0582138A257CA5082A1 /* Pods-Rewarded.release.xcconfig */ = {isa = PBXFileReference; includeInIndex = 1; lastKnownFileType = text.xcconfig; name = "Pods-Rewarded.release.xcconfig"; path = "../Pods/Target Support Files/Pods-Rewarded/Pods-Rewarded.release.xcconfig"; sourceTree = "<group>"; };
		7C4FD492057F52820A2D6EC2 /* libPods-Rewarded.a */ = {isa = PBXFileReference; explicitFileType = archive.ar; includeInIndex = 0; path = "libPods-Rewarded.a"; sourceTree = BUILT_PRODUCTS_DIR; };
		A601B32FED5CF3E6BF1AF5A6 /* Pods-Rewarded.debug.xcconfig */ = {isa = PBXFileReference; includeInIndex = 1; lastKnownFileType = text.xcconfig; name = "Pods-Rewarded.debug.xcconfig"; path = "../Pods/Target Support Files/Pods-Rewarded/Pods-Rewarded.debug.xcconfig"; sourceTree = "<group>"; };
		D9599E3021E49ECF00CC25E1 /* Rewarded.app */ = {isa = PBXFileReference; explicitFileType = wrapper.application; includeInIndex = 0; path = Rewarded.app; sourceTree = BUILT_PRODUCTS_DIR; };
		D9599E3321E49ECF00CC25E1 /* AppDelegate.swift */ = {isa = PBXFileReference; lastKnownFileType = sourcecode.swift; path = AppDelegate.swift; sourceTree = "<group>"; };
		D9599E3521E49ECF00CC25E1 /* RewardedVC.swift */ = {isa = PBXFileReference; lastKnownFileType = sourcecode.swift; path = RewardedVC.swift; sourceTree = "<group>"; };
		D9599E3821E49ECF00CC25E1 /* Base */ = {isa = PBXFileReference; lastKnownFileType = file.storyboard; name = Base; path = Base.lproj/Main.storyboard; sourceTree = "<group>"; };
		D9599E3A21E49ECF00CC25E1 /* Assets.xcassets */ = {isa = PBXFileReference; lastKnownFileType = folder.assetcatalog; path = Assets.xcassets; sourceTree = "<group>"; };
		D9599E3D21E49ECF00CC25E1 /* Base */ = {isa = PBXFileReference; lastKnownFileType = file.storyboard; name = Base; path = Base.lproj/LaunchScreen.storyboard; sourceTree = "<group>"; };
		D9599E3F21E49ECF00CC25E1 /* Info.plist */ = {isa = PBXFileReference; lastKnownFileType = text.plist.xml; path = Info.plist; sourceTree = "<group>"; };
/* End PBXFileReference section */

/* Begin PBXFrameworksBuildPhase section */
		D9599E2D21E49ECF00CC25E1 /* Frameworks */ = {
			isa = PBXFrameworksBuildPhase;
			buildActionMask = 2147483647;
			files = (
				2C5869EF9E9971D6E3A8784E /* libPods-Rewarded.a in Frameworks */,
			);
			runOnlyForDeploymentPostprocessing = 0;
		};
/* End PBXFrameworksBuildPhase section */

/* Begin PBXGroup section */
		92B359ED95C0B9D15E4CFB3F /* Pods */ = {
			isa = PBXGroup;
			children = (
				A601B32FED5CF3E6BF1AF5A6 /* Pods-Rewarded.debug.xcconfig */,
				4E06C0582138A257CA5082A1 /* Pods-Rewarded.release.xcconfig */,
			);
			name = Pods;
			sourceTree = "<group>";
		};
		D9599E2721E49ECF00CC25E1 = {
			isa = PBXGroup;
			children = (
				D9599E3221E49ECF00CC25E1 /* Rewarded */,
				D9599E3121E49ECF00CC25E1 /* Products */,
				92B359ED95C0B9D15E4CFB3F /* Pods */,
				E500B644EF1D06B770CBD9B8 /* Frameworks */,
			);
			sourceTree = "<group>";
		};
		D9599E3121E49ECF00CC25E1 /* Products */ = {
			isa = PBXGroup;
			children = (
				D9599E3021E49ECF00CC25E1 /* Rewarded.app */,
			);
			name = Products;
			sourceTree = "<group>";
		};
		D9599E3221E49ECF00CC25E1 /* Rewarded */ = {
			isa = PBXGroup;
			children = (
				D9599E3321E49ECF00CC25E1 /* AppDelegate.swift */,
				D9599E3521E49ECF00CC25E1 /* RewardedVC.swift */,
				D9599E3721E49ECF00CC25E1 /* Main.storyboard */,
				D9599E3A21E49ECF00CC25E1 /* Assets.xcassets */,
				D9599E3C21E49ECF00CC25E1 /* LaunchScreen.storyboard */,
				D9599E3F21E49ECF00CC25E1 /* Info.plist */,
			);
			path = Rewarded;
			sourceTree = "<group>";
		};
		E500B644EF1D06B770CBD9B8 /* Frameworks */ = {
			isa = PBXGroup;
			children = (
				7C4FD492057F52820A2D6EC2 /* libPods-Rewarded.a */,
			);
			name = Frameworks;
			sourceTree = "<group>";
		};
/* End PBXGroup section */

/* Begin PBXNativeTarget section */
		D9599E2F21E49ECF00CC25E1 /* Rewarded */ = {
			isa = PBXNativeTarget;
			buildConfigurationList = D9599E4221E49ECF00CC25E1 /* Build configuration list for PBXNativeTarget "Rewarded" */;
			buildPhases = (
				0E2FB8E52945E38CA0E0D3D5 /* [CP] Check Pods Manifest.lock */,
				D9599E2C21E49ECF00CC25E1 /* Sources */,
				D9599E2D21E49ECF00CC25E1 /* Frameworks */,
				D9599E2E21E49ECF00CC25E1 /* Resources */,
			);
			buildRules = (
			);
			dependencies = (
			);
			name = Rewarded;
			productName = Rewarded;
			productReference = D9599E3021E49ECF00CC25E1 /* Rewarded.app */;
			productType = "com.apple.product-type.application";
		};
/* End PBXNativeTarget section */

/* Begin PBXProject section */
		D9599E2821E49ECF00CC25E1 /* Project object */ = {
			isa = PBXProject;
			attributes = {
				LastSwiftUpdateCheck = 1010;
				LastUpgradeCheck = 1010;
				ORGANIZATIONNAME = Appodeal;
				TargetAttributes = {
					D9599E2F21E49ECF00CC25E1 = {
						CreatedOnToolsVersion = 10.1;
					};
				};
			};
			buildConfigurationList = D9599E2B21E49ECF00CC25E1 /* Build configuration list for PBXProject "Rewarded" */;
			compatibilityVersion = "Xcode 9.3";
			developmentRegion = en;
			hasScannedForEncodings = 0;
			knownRegions = (
				en,
				Base,
			);
			mainGroup = D9599E2721E49ECF00CC25E1;
			productRefGroup = D9599E3121E49ECF00CC25E1 /* Products */;
			projectDirPath = "";
			projectRoot = "";
			targets = (
				D9599E2F21E49ECF00CC25E1 /* Rewarded */,
			);
		};
/* End PBXProject section */

/* Begin PBXResourcesBuildPhase section */
		D9599E2E21E49ECF00CC25E1 /* Resources */ = {
			isa = PBXResourcesBuildPhase;
			buildActionMask = 2147483647;
			files = (
				D9599E3E21E49ECF00CC25E1 /* LaunchScreen.storyboard in Resources */,
				D9599E3B21E49ECF00CC25E1 /* Assets.xcassets in Resources */,
				D9599E3921E49ECF00CC25E1 /* Main.storyboard in Resources */,
			);
			runOnlyForDeploymentPostprocessing = 0;
		};
/* End PBXResourcesBuildPhase section */

/* Begin PBXShellScriptBuildPhase section */
		0E2FB8E52945E38CA0E0D3D5 /* [CP] Check Pods Manifest.lock */ = {
			isa = PBXShellScriptBuildPhase;
			buildActionMask = 2147483647;
			files = (
			);
			inputFileListPaths = (
			);
			inputPaths = (
				"${PODS_PODFILE_DIR_PATH}/Podfile.lock",
				"${PODS_ROOT}/Manifest.lock",
			);
			name = "[CP] Check Pods Manifest.lock";
			outputFileListPaths = (
			);
			outputPaths = (
				"$(DERIVED_FILE_DIR)/Pods-Rewarded-checkManifestLockResult.txt",
			);
			runOnlyForDeploymentPostprocessing = 0;
			shellPath = /bin/sh;
			shellScript = "diff \"${PODS_PODFILE_DIR_PATH}/Podfile.lock\" \"${PODS_ROOT}/Manifest.lock\" > /dev/null\nif [ $? != 0 ] ; then\n    # print error to STDERR\n    echo \"error: The sandbox is not in sync with the Podfile.lock. Run 'pod install' or update your CocoaPods installation.\" >&2\n    exit 1\nfi\n# This output is used by Xcode 'outputs' to avoid re-running this script phase.\necho \"SUCCESS\" > \"${SCRIPT_OUTPUT_FILE_0}\"\n";
			showEnvVarsInLog = 0;
		};
/* End PBXShellScriptBuildPhase section */

/* Begin PBXSourcesBuildPhase section */
		D9599E2C21E49ECF00CC25E1 /* Sources */ = {
			isa = PBXSourcesBuildPhase;
			buildActionMask = 2147483647;
			files = (
				D9599E3621E49ECF00CC25E1 /* RewardedVC.swift in Sources */,
				D9599E3421E49ECF00CC25E1 /* AppDelegate.swift in Sources */,
			);
			runOnlyForDeploymentPostprocessing = 0;
		};
/* End PBXSourcesBuildPhase section */

/* Begin PBXVariantGroup section */
		D9599E3721E49ECF00CC25E1 /* Main.storyboard */ = {
			isa = PBXVariantGroup;
			children = (
				D9599E3821E49ECF00CC25E1 /* Base */,
			);
			name = Main.storyboard;
			sourceTree = "<group>";
		};
		D9599E3C21E49ECF00CC25E1 /* LaunchScreen.storyboard */ = {
			isa = PBXVariantGroup;
			children = (
				D9599E3D21E49ECF00CC25E1 /* Base */,
			);
			name = LaunchScreen.storyboard;
			sourceTree = "<group>";
		};
/* End PBXVariantGroup section */

/* Begin XCBuildConfiguration section */
		D9599E4021E49ECF00CC25E1 /* Debug */ = {
			isa = XCBuildConfiguration;
			buildSettings = {
				ALWAYS_SEARCH_USER_PATHS = NO;
				CLANG_ANALYZER_NONNULL = YES;
				CLANG_ANALYZER_NUMBER_OBJECT_CONVERSION = YES_AGGRESSIVE;
				CLANG_CXX_LANGUAGE_STANDARD = "gnu++14";
				CLANG_CXX_LIBRARY = "libc++";
				CLANG_ENABLE_MODULES = YES;
				CLANG_ENABLE_OBJC_ARC = YES;
				CLANG_ENABLE_OBJC_WEAK = YES;
				CLANG_WARN_BLOCK_CAPTURE_AUTORELEASING = YES;
				CLANG_WARN_BOOL_CONVERSION = YES;
				CLANG_WARN_COMMA = YES;
				CLANG_WARN_CONSTANT_CONVERSION = YES;
				CLANG_WARN_DEPRECATED_OBJC_IMPLEMENTATIONS = YES;
				CLANG_WARN_DIRECT_OBJC_ISA_USAGE = YES_ERROR;
				CLANG_WARN_DOCUMENTATION_COMMENTS = YES;
				CLANG_WARN_EMPTY_BODY = YES;
				CLANG_WARN_ENUM_CONVERSION = YES;
				CLANG_WARN_INFINITE_RECURSION = YES;
				CLANG_WARN_INT_CONVERSION = YES;
				CLANG_WARN_NON_LITERAL_NULL_CONVERSION = YES;
				CLANG_WARN_OBJC_IMPLICIT_RETAIN_SELF = YES;
				CLANG_WARN_OBJC_LITERAL_CONVERSION = YES;
				CLANG_WARN_OBJC_ROOT_CLASS = YES_ERROR;
				CLANG_WARN_RANGE_LOOP_ANALYSIS = YES;
				CLANG_WARN_STRICT_PROTOTYPES = YES;
				CLANG_WARN_SUSPICIOUS_MOVE = YES;
				CLANG_WARN_UNGUARDED_AVAILABILITY = YES_AGGRESSIVE;
				CLANG_WARN_UNREACHABLE_CODE = YES;
				CLANG_WARN__DUPLICATE_METHOD_MATCH = YES;
				CODE_SIGN_IDENTITY = "iPhone Developer";
				COPY_PHASE_STRIP = NO;
				DEBUG_INFORMATION_FORMAT = dwarf;
				ENABLE_STRICT_OBJC_MSGSEND = YES;
				ENABLE_TESTABILITY = YES;
				GCC_C_LANGUAGE_STANDARD = gnu11;
				GCC_DYNAMIC_NO_PIC = NO;
				GCC_NO_COMMON_BLOCKS = YES;
				GCC_OPTIMIZATION_LEVEL = 0;
				GCC_PREPROCESSOR_DEFINITIONS = (
					"DEBUG=1",
					"$(inherited)",
				);
				GCC_WARN_64_TO_32_BIT_CONVERSION = YES;
				GCC_WARN_ABOUT_RETURN_TYPE = YES_ERROR;
				GCC_WARN_UNDECLARED_SELECTOR = YES;
				GCC_WARN_UNINITIALIZED_AUTOS = YES_AGGRESSIVE;
				GCC_WARN_UNUSED_FUNCTION = YES;
				GCC_WARN_UNUSED_VARIABLE = YES;
				IPHONEOS_DEPLOYMENT_TARGET = 12.1;
				MTL_ENABLE_DEBUG_INFO = INCLUDE_SOURCE;
				MTL_FAST_MATH = YES;
				ONLY_ACTIVE_ARCH = YES;
				SDKROOT = iphoneos;
				SWIFT_ACTIVE_COMPILATION_CONDITIONS = DEBUG;
				SWIFT_OPTIMIZATION_LEVEL = "-Onone";
			};
			name = Debug;
		};
		D9599E4121E49ECF00CC25E1 /* Release */ = {
			isa = XCBuildConfiguration;
			buildSettings = {
				ALWAYS_SEARCH_USER_PATHS = NO;
				CLANG_ANALYZER_NONNULL = YES;
				CLANG_ANALYZER_NUMBER_OBJECT_CONVERSION = YES_AGGRESSIVE;
				CLANG_CXX_LANGUAGE_STANDARD = "gnu++14";
				CLANG_CXX_LIBRARY = "libc++";
				CLANG_ENABLE_MODULES = YES;
				CLANG_ENABLE_OBJC_ARC = YES;
				CLANG_ENABLE_OBJC_WEAK = YES;
				CLANG_WARN_BLOCK_CAPTURE_AUTORELEASING = YES;
				CLANG_WARN_BOOL_CONVERSION = YES;
				CLANG_WARN_COMMA = YES;
				CLANG_WARN_CONSTANT_CONVERSION = YES;
				CLANG_WARN_DEPRECATED_OBJC_IMPLEMENTATIONS = YES;
				CLANG_WARN_DIRECT_OBJC_ISA_USAGE = YES_ERROR;
				CLANG_WARN_DOCUMENTATION_COMMENTS = YES;
				CLANG_WARN_EMPTY_BODY = YES;
				CLANG_WARN_ENUM_CONVERSION = YES;
				CLANG_WARN_INFINITE_RECURSION = YES;
				CLANG_WARN_INT_CONVERSION = YES;
				CLANG_WARN_NON_LITERAL_NULL_CONVERSION = YES;
				CLANG_WARN_OBJC_IMPLICIT_RETAIN_SELF = YES;
				CLANG_WARN_OBJC_LITERAL_CONVERSION = YES;
				CLANG_WARN_OBJC_ROOT_CLASS = YES_ERROR;
				CLANG_WARN_RANGE_LOOP_ANALYSIS = YES;
				CLANG_WARN_STRICT_PROTOTYPES = YES;
				CLANG_WARN_SUSPICIOUS_MOVE = YES;
				CLANG_WARN_UNGUARDED_AVAILABILITY = YES_AGGRESSIVE;
				CLANG_WARN_UNREACHABLE_CODE = YES;
				CLANG_WARN__DUPLICATE_METHOD_MATCH = YES;
				CODE_SIGN_IDENTITY = "iPhone Developer";
				COPY_PHASE_STRIP = NO;
				DEBUG_INFORMATION_FORMAT = "dwarf-with-dsym";
				ENABLE_NS_ASSERTIONS = NO;
				ENABLE_STRICT_OBJC_MSGSEND = YES;
				GCC_C_LANGUAGE_STANDARD = gnu11;
				GCC_NO_COMMON_BLOCKS = YES;
				GCC_WARN_64_TO_32_BIT_CONVERSION = YES;
				GCC_WARN_ABOUT_RETURN_TYPE = YES_ERROR;
				GCC_WARN_UNDECLARED_SELECTOR = YES;
				GCC_WARN_UNINITIALIZED_AUTOS = YES_AGGRESSIVE;
				GCC_WARN_UNUSED_FUNCTION = YES;
				GCC_WARN_UNUSED_VARIABLE = YES;
				IPHONEOS_DEPLOYMENT_TARGET = 12.1;
				MTL_ENABLE_DEBUG_INFO = NO;
				MTL_FAST_MATH = YES;
				SDKROOT = iphoneos;
				SWIFT_COMPILATION_MODE = wholemodule;
				SWIFT_OPTIMIZATION_LEVEL = "-O";
				VALIDATE_PRODUCT = YES;
			};
			name = Release;
		};
		D9599E4321E49ECF00CC25E1 /* Debug */ = {
			isa = XCBuildConfiguration;
			baseConfigurationReference = A601B32FED5CF3E6BF1AF5A6 /* Pods-Rewarded.debug.xcconfig */;
			buildSettings = {
				ASSETCATALOG_COMPILER_APPICON_NAME = AppIcon;
				CLANG_ALLOW_NON_MODULAR_INCLUDES_IN_FRAMEWORK_MODULES = YES;
				CODE_SIGN_STYLE = Automatic;
				DEVELOPMENT_TEAM = WG4VFF78ZM;
				INFOPLIST_FILE = Rewarded/Info.plist;
				LD_RUNPATH_SEARCH_PATHS = (
					"$(inherited)",
					"@executable_path/Frameworks",
				);
				OTHER_LDFLAGS = "$(inherited)";
				PRODUCT_BUNDLE_IDENTIFIER = com.appodeal.Rewarded;
				PRODUCT_NAME = "$(TARGET_NAME)";
				SWIFT_VERSION = 4.2;
				TARGETED_DEVICE_FAMILY = "1,2";
			};
			name = Debug;
		};
		D9599E4421E49ECF00CC25E1 /* Release */ = {
			isa = XCBuildConfiguration;
			baseConfigurationReference = 4E06C0582138A257CA5082A1 /* Pods-Rewarded.release.xcconfig */;
			buildSettings = {
				ASSETCATALOG_COMPILER_APPICON_NAME = AppIcon;
				CLANG_ALLOW_NON_MODULAR_INCLUDES_IN_FRAMEWORK_MODULES = YES;
				CODE_SIGN_STYLE = Automatic;
				DEVELOPMENT_TEAM = WG4VFF78ZM;
				INFOPLIST_FILE = Rewarded/Info.plist;
				LD_RUNPATH_SEARCH_PATHS = (
					"$(inherited)",
					"@executable_path/Frameworks",
				);
				OTHER_LDFLAGS = "$(inherited)";
				PRODUCT_BUNDLE_IDENTIFIER = com.appodeal.Rewarded;
				PRODUCT_NAME = "$(TARGET_NAME)";
				SWIFT_VERSION = 4.2;
				TARGETED_DEVICE_FAMILY = "1,2";
			};
			name = Release;
		};
/* End XCBuildConfiguration section */

/* Begin XCConfigurationList section */
		D9599E2B21E49ECF00CC25E1 /* Build configuration list for PBXProject "Rewarded" */ = {
			isa = XCConfigurationList;
			buildConfigurations = (
				D9599E4021E49ECF00CC25E1 /* Debug */,
				D9599E4121E49ECF00CC25E1 /* Release */,
			);
			defaultConfigurationIsVisible = 0;
			defaultConfigurationName = Release;
		};
		D9599E4221E49ECF00CC25E1 /* Build configuration list for PBXNativeTarget "Rewarded" */ = {
			isa = XCConfigurationList;
			buildConfigurations = (
				D9599E4321E49ECF00CC25E1 /* Debug */,
				D9599E4421E49ECF00CC25E1 /* Release */,
			);
			defaultConfigurationIsVisible = 0;
			defaultConfigurationName = Release;
		};
/* End XCConfigurationList section */
	};
	rootObject = D9599E2821E49ECF00CC25E1 /* Project object */;
}
