// !$*UTF8*$!
{
	archiveVersion = 1;
	classes = {
	};
	objectVersion = 50;
	objects = {

/* Begin PBXBuildFile section */
		D99EE1422304249800900DC3 /* AppDelegate.swift in Sources */ = {isa = PBXBuildFile; fileRef = D99EE1412304249800900DC3 /* AppDelegate.swift */; };
		D99EE1462304249800900DC3 /* ViewController.swift in Sources */ = {isa = PBXBuildFile; fileRef = D99EE1452304249800900DC3 /* ViewController.swift */; };
		D99EE1492304249800900DC3 /* Main.storyboard in Resources */ = {isa = PBXBuildFile; fileRef = D99EE1472304249800900DC3 /* Main.storyboard */; };
		D99EE14B2304249A00900DC3 /* Assets.xcassets in Resources */ = {isa = PBXBuildFile; fileRef = D99EE14A2304249A00900DC3 /* Assets.xcassets */; };
		D99EE14E2304249A00900DC3 /* LaunchScreen.storyboard in Resources */ = {isa = PBXBuildFile; fileRef = D99EE14C2304249A00900DC3 /* LaunchScreen.storyboard */; };
		D9FED81C230429A100A179D7 /* HeaderBiddingFixture.json in Resources */ = {isa = PBXBuildFile; fileRef = D9FED81B230429A100A179D7 /* HeaderBiddingFixture.json */; };
		D9FED8282304356700A179D7 /* HeaderBiddingProvider.swift in Sources */ = {isa = PBXBuildFile; fileRef = D9FED8272304356700A179D7 /* HeaderBiddingProvider.swift */; };
		FF1417165350CA1C9928E7C7 /* Pods_HeaderBiddingSample.framework in Frameworks */ = {isa = PBXBuildFile; fileRef = 8407BE7CB224AB4D6FFA04C7 /* Pods_HeaderBiddingSample.framework */; };
/* End PBXBuildFile section */

/* Begin PBXFileReference section */
		8407BE7CB224AB4D6FFA04C7 /* Pods_HeaderBiddingSample.framework */ = {isa = PBXFileReference; explicitFileType = wrapper.framework; includeInIndex = 0; path = Pods_HeaderBiddingSample.framework; sourceTree = BUILT_PRODUCTS_DIR; };
		A66DBC67EF8714CB61495A39 /* Pods-HeaderBiddingSample.debug.xcconfig */ = {isa = PBXFileReference; includeInIndex = 1; lastKnownFileType = text.xcconfig; name = "Pods-HeaderBiddingSample.debug.xcconfig"; path = "Target Support Files/Pods-HeaderBiddingSample/Pods-HeaderBiddingSample.debug.xcconfig"; sourceTree = "<group>"; };
		BB25F656DD557923D8F22AEC /* Pods-HeaderBiddingSample.release.xcconfig */ = {isa = PBXFileReference; includeInIndex = 1; lastKnownFileType = text.xcconfig; name = "Pods-HeaderBiddingSample.release.xcconfig"; path = "Target Support Files/Pods-HeaderBiddingSample/Pods-HeaderBiddingSample.release.xcconfig"; sourceTree = "<group>"; };
		D99EE13E2304249800900DC3 /* HeaderBiddingSample.app */ = {isa = PBXFileReference; explicitFileType = wrapper.application; includeInIndex = 0; path = HeaderBiddingSample.app; sourceTree = BUILT_PRODUCTS_DIR; };
		D99EE1412304249800900DC3 /* AppDelegate.swift */ = {isa = PBXFileReference; lastKnownFileType = sourcecode.swift; path = AppDelegate.swift; sourceTree = "<group>"; };
		D99EE1452304249800900DC3 /* ViewController.swift */ = {isa = PBXFileReference; lastKnownFileType = sourcecode.swift; path = ViewController.swift; sourceTree = "<group>"; };
		D99EE1482304249800900DC3 /* Base */ = {isa = PBXFileReference; lastKnownFileType = file.storyboard; name = Base; path = Base.lproj/Main.storyboard; sourceTree = "<group>"; };
		D99EE14A2304249A00900DC3 /* Assets.xcassets */ = {isa = PBXFileReference; lastKnownFileType = folder.assetcatalog; path = Assets.xcassets; sourceTree = "<group>"; };
		D99EE14D2304249A00900DC3 /* Base */ = {isa = PBXFileReference; lastKnownFileType = file.storyboard; name = Base; path = Base.lproj/LaunchScreen.storyboard; sourceTree = "<group>"; };
		D99EE14F2304249A00900DC3 /* Info.plist */ = {isa = PBXFileReference; lastKnownFileType = text.plist.xml; path = Info.plist; sourceTree = "<group>"; };
		D9FED81B230429A100A179D7 /* HeaderBiddingFixture.json */ = {isa = PBXFileReference; fileEncoding = 4; lastKnownFileType = text.json; path = HeaderBiddingFixture.json; sourceTree = "<group>"; };
		D9FED8272304356700A179D7 /* HeaderBiddingProvider.swift */ = {isa = PBXFileReference; lastKnownFileType = sourcecode.swift; path = HeaderBiddingProvider.swift; sourceTree = "<group>"; };
/* End PBXFileReference section */

/* Begin PBXFrameworksBuildPhase section */
		D99EE13B2304249800900DC3 /* Frameworks */ = {
			isa = PBXFrameworksBuildPhase;
			buildActionMask = 2147483647;
			files = (
				FF1417165350CA1C9928E7C7 /* Pods_HeaderBiddingSample.framework in Frameworks */,
			);
			runOnlyForDeploymentPostprocessing = 0;
		};
/* End PBXFrameworksBuildPhase section */

/* Begin PBXGroup section */
		B7CAE0D6F6A43D3182716938 /* Frameworks */ = {
			isa = PBXGroup;
			children = (
				8407BE7CB224AB4D6FFA04C7 /* Pods_HeaderBiddingSample.framework */,
			);
			name = Frameworks;
			sourceTree = "<group>";
		};
		D99EE1352304249800900DC3 = {
			isa = PBXGroup;
			children = (
				D99EE1402304249800900DC3 /* HeaderBiddingSample */,
				D99EE13F2304249800900DC3 /* Products */,
				DEB17E5ED365C63DBD494D30 /* Pods */,
				B7CAE0D6F6A43D3182716938 /* Frameworks */,
			);
			sourceTree = "<group>";
		};
		D99EE13F2304249800900DC3 /* Products */ = {
			isa = PBXGroup;
			children = (
				D99EE13E2304249800900DC3 /* HeaderBiddingSample.app */,
			);
			name = Products;
			sourceTree = "<group>";
		};
		D99EE1402304249800900DC3 /* HeaderBiddingSample */ = {
			isa = PBXGroup;
			children = (
				D9FED81D23042DA500A179D7 /* Application Support */,
				D99EE1452304249800900DC3 /* ViewController.swift */,
				D9FED8272304356700A179D7 /* HeaderBiddingProvider.swift */,
			);
			path = HeaderBiddingSample;
			sourceTree = "<group>";
		};
		D9FED81D23042DA500A179D7 /* Application Support */ = {
			isa = PBXGroup;
			children = (
				D9FED81E23042DBD00A179D7 /* Fixtures */,
				D99EE1412304249800900DC3 /* AppDelegate.swift */,
				D99EE1472304249800900DC3 /* Main.storyboard */,
				D99EE14A2304249A00900DC3 /* Assets.xcassets */,
				D99EE14C2304249A00900DC3 /* LaunchScreen.storyboard */,
				D99EE14F2304249A00900DC3 /* Info.plist */,
			);
			path = "Application Support";
			sourceTree = "<group>";
		};
		D9FED81E23042DBD00A179D7 /* Fixtures */ = {
			isa = PBXGroup;
			children = (
				D9FED81B230429A100A179D7 /* HeaderBiddingFixture.json */,
			);
			path = Fixtures;
			sourceTree = "<group>";
		};
		DEB17E5ED365C63DBD494D30 /* Pods */ = {
			isa = PBXGroup;
			children = (
				A66DBC67EF8714CB61495A39 /* Pods-HeaderBiddingSample.debug.xcconfig */,
				BB25F656DD557923D8F22AEC /* Pods-HeaderBiddingSample.release.xcconfig */,
			);
			name = Pods;
			path = ../Pods;
			sourceTree = "<group>";
		};
/* End PBXGroup section */

/* Begin PBXNativeTarget section */
		D99EE13D2304249800900DC3 /* HeaderBiddingSample */ = {
			isa = PBXNativeTarget;
			buildConfigurationList = D99EE1522304249A00900DC3 /* Build configuration list for PBXNativeTarget "HeaderBiddingSample" */;
			buildPhases = (
				1CF7BFC3D5B5C8FF8ADD654A /* [CP] Check Pods Manifest.lock */,
				D99EE13A2304249800900DC3 /* Sources */,
				D99EE13B2304249800900DC3 /* Frameworks */,
				D99EE13C2304249800900DC3 /* Resources */,
				E9446D5B6A65A73164C4BACF /* [CP] Embed Pods Frameworks */,
				0B25A837EBBBAF3F3659AD00 /* [CP] Copy Pods Resources */,
			);
			buildRules = (
			);
			dependencies = (
			);
			name = HeaderBiddingSample;
			productName = HeaderBiddingSample;
			productReference = D99EE13E2304249800900DC3 /* HeaderBiddingSample.app */;
			productType = "com.apple.product-type.application";
		};
/* End PBXNativeTarget section */

/* Begin PBXProject section */
		D99EE1362304249800900DC3 /* Project object */ = {
			isa = PBXProject;
			attributes = {
				LastSwiftUpdateCheck = 1100;
				LastUpgradeCheck = 1100;
				ORGANIZATIONNAME = Appodeal;
				TargetAttributes = {
					D99EE13D2304249800900DC3 = {
						CreatedOnToolsVersion = 11.0;
					};
				};
			};
			buildConfigurationList = D99EE1392304249800900DC3 /* Build configuration list for PBXProject "HeaderBiddingSample" */;
			compatibilityVersion = "Xcode 9.3";
			developmentRegion = en;
			hasScannedForEncodings = 0;
			knownRegions = (
				en,
				Base,
			);
			mainGroup = D99EE1352304249800900DC3;
			productRefGroup = D99EE13F2304249800900DC3 /* Products */;
			projectDirPath = "";
			projectRoot = "";
			targets = (
				D99EE13D2304249800900DC3 /* HeaderBiddingSample */,
			);
		};
/* End PBXProject section */

/* Begin PBXResourcesBuildPhase section */
		D99EE13C2304249800900DC3 /* Resources */ = {
			isa = PBXResourcesBuildPhase;
			buildActionMask = 2147483647;
			files = (
				D99EE14E2304249A00900DC3 /* LaunchScreen.storyboard in Resources */,
				D99EE14B2304249A00900DC3 /* Assets.xcassets in Resources */,
				D9FED81C230429A100A179D7 /* HeaderBiddingFixture.json in Resources */,
				D99EE1492304249800900DC3 /* Main.storyboard in Resources */,
			);
			runOnlyForDeploymentPostprocessing = 0;
		};
/* End PBXResourcesBuildPhase section */

/* Begin PBXShellScriptBuildPhase section */
		0B25A837EBBBAF3F3659AD00 /* [CP] Copy Pods Resources */ = {
			isa = PBXShellScriptBuildPhase;
			buildActionMask = 2147483647;
			files = (
			);
			inputFileListPaths = (
				"${PODS_ROOT}/Target Support Files/Pods-HeaderBiddingSample/Pods-HeaderBiddingSample-resources-${CONFIGURATION}-input-files.xcfilelist",
			);
			name = "[CP] Copy Pods Resources";
			outputFileListPaths = (
				"${PODS_ROOT}/Target Support Files/Pods-HeaderBiddingSample/Pods-HeaderBiddingSample-resources-${CONFIGURATION}-output-files.xcfilelist",
			);
			runOnlyForDeploymentPostprocessing = 0;
			shellPath = /bin/sh;
			shellScript = "\"${PODS_ROOT}/Target Support Files/Pods-HeaderBiddingSample/Pods-HeaderBiddingSample-resources.sh\"\n";
			showEnvVarsInLog = 0;
		};
		1CF7BFC3D5B5C8FF8ADD654A /* [CP] Check Pods Manifest.lock */ = {
			isa = PBXShellScriptBuildPhase;
			buildActionMask = 2147483647;
			files = (
			);
			inputFileListPaths = (
			);
			inputPaths = (
				"${PODS_PODFILE_DIR_PATH}/Podfile.lock",
				"${PODS_ROOT}/Manifest.lock",
			);
			name = "[CP] Check Pods Manifest.lock";
			outputFileListPaths = (
			);
			outputPaths = (
				"$(DERIVED_FILE_DIR)/Pods-HeaderBiddingSample-checkManifestLockResult.txt",
			);
			runOnlyForDeploymentPostprocessing = 0;
			shellPath = /bin/sh;
			shellScript = "diff \"${PODS_PODFILE_DIR_PATH}/Podfile.lock\" \"${PODS_ROOT}/Manifest.lock\" > /dev/null\nif [ $? != 0 ] ; then\n    # print error to STDERR\n    echo \"error: The sandbox is not in sync with the Podfile.lock. Run 'pod install' or update your CocoaPods installation.\" >&2\n    exit 1\nfi\n# This output is used by Xcode 'outputs' to avoid re-running this script phase.\necho \"SUCCESS\" > \"${SCRIPT_OUTPUT_FILE_0}\"\n";
			showEnvVarsInLog = 0;
		};
		E9446D5B6A65A73164C4BACF /* [CP] Embed Pods Frameworks */ = {
			isa = PBXShellScriptBuildPhase;
			buildActionMask = 2147483647;
			files = (
			);
			inputFileListPaths = (
				"${PODS_ROOT}/Target Support Files/Pods-HeaderBiddingSample/Pods-HeaderBiddingSample-frameworks-${CONFIGURATION}-input-files.xcfilelist",
			);
			name = "[CP] Embed Pods Frameworks";
			outputFileListPaths = (
				"${PODS_ROOT}/Target Support Files/Pods-HeaderBiddingSample/Pods-HeaderBiddingSample-frameworks-${CONFIGURATION}-output-files.xcfilelist",
			);
			runOnlyForDeploymentPostprocessing = 0;
			shellPath = /bin/sh;
			shellScript = "\"${PODS_ROOT}/Target Support Files/Pods-HeaderBiddingSample/Pods-HeaderBiddingSample-frameworks.sh\"\n";
			showEnvVarsInLog = 0;
		};
/* End PBXShellScriptBuildPhase section */

/* Begin PBXSourcesBuildPhase section */
		D99EE13A2304249800900DC3 /* Sources */ = {
			isa = PBXSourcesBuildPhase;
			buildActionMask = 2147483647;
			files = (
				D99EE1462304249800900DC3 /* ViewController.swift in Sources */,
				D99EE1422304249800900DC3 /* AppDelegate.swift in Sources */,
				D9FED8282304356700A179D7 /* HeaderBiddingProvider.swift in Sources */,
			);
			runOnlyForDeploymentPostprocessing = 0;
		};
/* End PBXSourcesBuildPhase section */

/* Begin PBXVariantGroup section */
		D99EE1472304249800900DC3 /* Main.storyboard */ = {
			isa = PBXVariantGroup;
			children = (
				D99EE1482304249800900DC3 /* Base */,
			);
			name = Main.storyboard;
			sourceTree = "<group>";
		};
		D99EE14C2304249A00900DC3 /* LaunchScreen.storyboard */ = {
			isa = PBXVariantGroup;
			children = (
				D99EE14D2304249A00900DC3 /* Base */,
			);
			name = LaunchScreen.storyboard;
			sourceTree = "<group>";
		};
/* End PBXVariantGroup section */

/* Begin XCBuildConfiguration section */
		D99EE1502304249A00900DC3 /* Debug */ = {
			isa = XCBuildConfiguration;
			buildSettings = {
				ALWAYS_SEARCH_USER_PATHS = NO;
				CLANG_ANALYZER_NONNULL = YES;
				CLANG_ANALYZER_NUMBER_OBJECT_CONVERSION = YES_AGGRESSIVE;
				CLANG_CXX_LANGUAGE_STANDARD = "gnu++14";
				CLANG_CXX_LIBRARY = "libc++";
				CLANG_ENABLE_MODULES = YES;
				CLANG_ENABLE_OBJC_ARC = YES;
				CLANG_ENABLE_OBJC_WEAK = YES;
				CLANG_WARN_BLOCK_CAPTURE_AUTORELEASING = YES;
				CLANG_WARN_BOOL_CONVERSION = YES;
				CLANG_WARN_COMMA = YES;
				CLANG_WARN_CONSTANT_CONVERSION = YES;
				CLANG_WARN_DEPRECATED_OBJC_IMPLEMENTATIONS = YES;
				CLANG_WARN_DIRECT_OBJC_ISA_USAGE = YES_ERROR;
				CLANG_WARN_DOCUMENTATION_COMMENTS = YES;
				CLANG_WARN_EMPTY_BODY = YES;
				CLANG_WARN_ENUM_CONVERSION = YES;
				CLANG_WARN_INFINITE_RECURSION = YES;
				CLANG_WARN_INT_CONVERSION = YES;
				CLANG_WARN_NON_LITERAL_NULL_CONVERSION = YES;
				CLANG_WARN_OBJC_IMPLICIT_RETAIN_SELF = YES;
				CLANG_WARN_OBJC_LITERAL_CONVERSION = YES;
				CLANG_WARN_OBJC_ROOT_CLASS = YES_ERROR;
				CLANG_WARN_RANGE_LOOP_ANALYSIS = YES;
				CLANG_WARN_STRICT_PROTOTYPES = YES;
				CLANG_WARN_SUSPICIOUS_MOVE = YES;
				CLANG_WARN_UNGUARDED_AVAILABILITY = YES_AGGRESSIVE;
				CLANG_WARN_UNREACHABLE_CODE = YES;
				CLANG_WARN__DUPLICATE_METHOD_MATCH = YES;
				COPY_PHASE_STRIP = NO;
				DEBUG_INFORMATION_FORMAT = dwarf;
				ENABLE_STRICT_OBJC_MSGSEND = YES;
				ENABLE_TESTABILITY = YES;
				GCC_C_LANGUAGE_STANDARD = gnu11;
				GCC_DYNAMIC_NO_PIC = NO;
				GCC_NO_COMMON_BLOCKS = YES;
				GCC_OPTIMIZATION_LEVEL = 0;
				GCC_PREPROCESSOR_DEFINITIONS = (
					"DEBUG=1",
					"$(inherited)",
				);
				GCC_WARN_64_TO_32_BIT_CONVERSION = YES;
				GCC_WARN_ABOUT_RETURN_TYPE = YES_ERROR;
				GCC_WARN_UNDECLARED_SELECTOR = YES;
				GCC_WARN_UNINITIALIZED_AUTOS = YES_AGGRESSIVE;
				GCC_WARN_UNUSED_FUNCTION = YES;
				GCC_WARN_UNUSED_VARIABLE = YES;
				IPHONEOS_DEPLOYMENT_TARGET = 13.0;
				MTL_ENABLE_DEBUG_INFO = INCLUDE_SOURCE;
				MTL_FAST_MATH = YES;
				ONLY_ACTIVE_ARCH = YES;
				SDKROOT = iphoneos;
				SWIFT_ACTIVE_COMPILATION_CONDITIONS = DEBUG;
				SWIFT_OPTIMIZATION_LEVEL = "-Onone";
			};
			name = Debug;
		};
		D99EE1512304249A00900DC3 /* Release */ = {
			isa = XCBuildConfiguration;
			buildSettings = {
				ALWAYS_SEARCH_USER_PATHS = NO;
				CLANG_ANALYZER_NONNULL = YES;
				CLANG_ANALYZER_NUMBER_OBJECT_CONVERSION = YES_AGGRESSIVE;
				CLANG_CXX_LANGUAGE_STANDARD = "gnu++14";
				CLANG_CXX_LIBRARY = "libc++";
				CLANG_ENABLE_MODULES = YES;
				CLANG_ENABLE_OBJC_ARC = YES;
				CLANG_ENABLE_OBJC_WEAK = YES;
				CLANG_WARN_BLOCK_CAPTURE_AUTORELEASING = YES;
				CLANG_WARN_BOOL_CONVERSION = YES;
				CLANG_WARN_COMMA = YES;
				CLANG_WARN_CONSTANT_CONVERSION = YES;
				CLANG_WARN_DEPRECATED_OBJC_IMPLEMENTATIONS = YES;
				CLANG_WARN_DIRECT_OBJC_ISA_USAGE = YES_ERROR;
				CLANG_WARN_DOCUMENTATION_COMMENTS = YES;
				CLANG_WARN_EMPTY_BODY = YES;
				CLANG_WARN_ENUM_CONVERSION = YES;
				CLANG_WARN_INFINITE_RECURSION = YES;
				CLANG_WARN_INT_CONVERSION = YES;
				CLANG_WARN_NON_LITERAL_NULL_CONVERSION = YES;
				CLANG_WARN_OBJC_IMPLICIT_RETAIN_SELF = YES;
				CLANG_WARN_OBJC_LITERAL_CONVERSION = YES;
				CLANG_WARN_OBJC_ROOT_CLASS = YES_ERROR;
				CLANG_WARN_RANGE_LOOP_ANALYSIS = YES;
				CLANG_WARN_STRICT_PROTOTYPES = YES;
				CLANG_WARN_SUSPICIOUS_MOVE = YES;
				CLANG_WARN_UNGUARDED_AVAILABILITY = YES_AGGRESSIVE;
				CLANG_WARN_UNREACHABLE_CODE = YES;
				CLANG_WARN__DUPLICATE_METHOD_MATCH = YES;
				COPY_PHASE_STRIP = NO;
				DEBUG_INFORMATION_FORMAT = "dwarf-with-dsym";
				ENABLE_NS_ASSERTIONS = NO;
				ENABLE_STRICT_OBJC_MSGSEND = YES;
				GCC_C_LANGUAGE_STANDARD = gnu11;
				GCC_NO_COMMON_BLOCKS = YES;
				GCC_WARN_64_TO_32_BIT_CONVERSION = YES;
				GCC_WARN_ABOUT_RETURN_TYPE = YES_ERROR;
				GCC_WARN_UNDECLARED_SELECTOR = YES;
				GCC_WARN_UNINITIALIZED_AUTOS = YES_AGGRESSIVE;
				GCC_WARN_UNUSED_FUNCTION = YES;
				GCC_WARN_UNUSED_VARIABLE = YES;
				IPHONEOS_DEPLOYMENT_TARGET = 13.0;
				MTL_ENABLE_DEBUG_INFO = NO;
				MTL_FAST_MATH = YES;
				SDKROOT = iphoneos;
				SWIFT_COMPILATION_MODE = wholemodule;
				SWIFT_OPTIMIZATION_LEVEL = "-O";
				VALIDATE_PRODUCT = YES;
			};
			name = Release;
		};
		D99EE1532304249A00900DC3 /* Debug */ = {
			isa = XCBuildConfiguration;
			baseConfigurationReference = A66DBC67EF8714CB61495A39 /* Pods-HeaderBiddingSample.debug.xcconfig */;
			buildSettings = {
				ASSETCATALOG_COMPILER_APPICON_NAME = AppIcon;
				CODE_SIGN_IDENTITY = "iPhone Developer";
				CODE_SIGN_STYLE = Automatic;
				DEVELOPMENT_TEAM = WG4VFF78ZM;
				INFOPLIST_FILE = "$(SRCROOT)/HeaderBiddingSample/Application Support/Info.plist";
				IPHONEOS_DEPLOYMENT_TARGET = 12.1;
				LD_RUNPATH_SEARCH_PATHS = (
					"$(inherited)",
					"@executable_path/Frameworks",
				);
				PRODUCT_BUNDLE_IDENTIFIER = com.appodeal.HeaderBiddingSample;
				PRODUCT_NAME = "$(TARGET_NAME)";
				PROVISIONING_PROFILE_SPECIFIER = "";
				SWIFT_VERSION = 5.0;
				TARGETED_DEVICE_FAMILY = "1,2";
			};
			name = Debug;
		};
		D99EE1542304249A00900DC3 /* Release */ = {
			isa = XCBuildConfiguration;
			baseConfigurationReference = BB25F656DD557923D8F22AEC /* Pods-HeaderBiddingSample.release.xcconfig */;
			buildSettings = {
				ASSETCATALOG_COMPILER_APPICON_NAME = AppIcon;
				CODE_SIGN_IDENTITY = "iPhone Developer";
				CODE_SIGN_STYLE = Automatic;
				DEVELOPMENT_TEAM = WG4VFF78ZM;
				INFOPLIST_FILE = "$(SRCROOT)/HeaderBiddingSample/Application Support/Info.plist";
				IPHONEOS_DEPLOYMENT_TARGET = 12.1;
				LD_RUNPATH_SEARCH_PATHS = (
					"$(inherited)",
					"@executable_path/Frameworks",
				);
				PRODUCT_BUNDLE_IDENTIFIER = com.appodeal.HeaderBiddingSample;
				PRODUCT_NAME = "$(TARGET_NAME)";
				PROVISIONING_PROFILE_SPECIFIER = "";
				SWIFT_VERSION = 5.0;
				TARGETED_DEVICE_FAMILY = "1,2";
			};
			name = Release;
		};
/* End XCBuildConfiguration section */

/* Begin XCConfigurationList section */
		D99EE1392304249800900DC3 /* Build configuration list for PBXProject "HeaderBiddingSample" */ = {
			isa = XCConfigurationList;
			buildConfigurations = (
				D99EE1502304249A00900DC3 /* Debug */,
				D99EE1512304249A00900DC3 /* Release */,
			);
			defaultConfigurationIsVisible = 0;
			defaultConfigurationName = Release;
		};
		D99EE1522304249A00900DC3 /* Build configuration list for PBXNativeTarget "HeaderBiddingSample" */ = {
			isa = XCConfigurationList;
			buildConfigurations = (
				D99EE1532304249A00900DC3 /* Debug */,
				D99EE1542304249A00900DC3 /* Release */,
			);
			defaultConfigurationIsVisible = 0;
			defaultConfigurationName = Release;
		};
/* End XCConfigurationList section */
	};
	rootObject = D99EE1362304249800900DC3 /* Project object */;
}
